
Microsoft Visual Studio Solution File, Format Version 12.00
# Visual Studio Version 16
VisualStudioVersion = 16.0.29311.281
MinimumVisualStudioVersion = 10.0.40219.1
Project("{9A19103F-16F7-4668-BE54-9A1E7A4F7556}") = "SW.Bitween.Web", "SW.Bitween.Web\SW.Bitween.Web.csproj", "{E4CE64BC-3964-4CB7-A5B9-0E4CF7F30DCF}"
EndProject
Project("{9A19103F-16F7-4668-BE54-9A1E7A4F7556}") = "SW.Bitween.UnitTests", "SW.Bitween.UnitTests\SW.Bitween.UnitTests.csproj", "{70BE66CC-4FEB-4945-9E77-DAC6FC95BD91}"
EndProject
Project("{2150E333-8FDC-42A3-9474-1A3956D46DE8}") = "Migrations", "Migrations", "{DCB20324-CBBC-43BB-9529-6F16C4033A5B}"
EndProject
Project("{9A19103F-16F7-4668-BE54-9A1E7A4F7556}") = "SW.Bitween.MsSql", "SW.Bitween.MsSql\SW.Bitween.MsSql.csproj", "{877D7394-ACC5-482C-8DE5-0B0D0639D4BE}"
EndProject
Project("{9A19103F-16F7-4668-BE54-9A1E7A4F7556}") = "SW.Bitween.MySql", "SW.Bitween.MySql\SW.Bitween.MySql.csproj", "{DEE62F36-0B35-45AC-A035-817D461DB0B6}"
EndProject
Project("{9A19103F-16F7-4668-BE54-9A1E7A4F7556}") = "SW.Bitween.Api", "SW.Bitween.Api\SW.Bitween.Api.csproj", "{58412551-7DCB-44AF-95F5-991FD44C51C6}"
EndProject
Project("{9A19103F-16F7-4668-BE54-9A1E7A4F7556}") = "SW.Bitween.Sdk", "SW.Bitween.Sdk\SW.Bitween.Sdk.csproj", "{BB2BE362-BB25-45A5-AE5A-B223EAB80CC0}"
EndProject
Project("{2150E333-8FDC-42A3-9474-1A3956D46DE8}") = "Adapters", "Adapters", "{5F58DD63-8ABF-4148-A594-0D9881F39142}"
EndProject
Project("{9A19103F-16F7-4668-BE54-9A1E7A4F7556}") = "SW.Bitween.SampleMapper", "SW.Bitween.SampleMapper\SW.Bitween.SampleMapper.csproj", "{2A3CEEB9-32A4-4F6F-BB3B-D786B92A7212}"
EndProject
Project("{9A19103F-16F7-4668-BE54-9A1E7A4F7556}") = "SW.Bitween.SampleHandler", "SW.Bitween.SampleHandler\SW.Bitween.SampleHandler.csproj", "{C78BFACC-0794-4164-A4E9-F5B7FBFD3010}"
EndProject
Project("{9A19103F-16F7-4668-BE54-9A1E7A4F7556}") = "SW.Bitween.SampleValidator", "SW.Bitween.SampleValidator\SW.Bitween.SampleValidator.csproj", "{CDA68A45-ABF9-46D6-ADED-628CC7CD1200}"
EndProject
Project("{FAE04EC0-301F-11D3-BF4B-00C04F79EFBC}") = "SW.Bitween.PgSql", "SW.Bitween.PgSql\SW.Bitween.PgSql.csproj", "{1474658D-E225-478E-80D6-D41A0376F88C}"
EndProject
Project("{FAE04EC0-301F-11D3-BF4B-00C04F79EFBC}") = "SW.Bitween.NativeAdapters", "SW.Bitween.NativeAdapters\SW.Bitween.NativeAdapters.csproj", "{5D7B6BD7-427E-4F1B-B4CA-CF6B3A3ED89F}"
EndProject
Project("{FAE04EC0-301F-11D3-BF4B-00C04F79EFBC}") = "SW.Bitween.IntegrationTests", "SW.Bitween.IntegrationTests\SW.Bitween.IntegrationTests.csproj", "{A2B58DFC-A4B0-4BD2-9552-322C6E87DA39}"
EndProject
Project("{2150E333-8FDC-42A3-9474-1A3956D46DE8}") = "Bus Providers", "Bus Providers", "{BE50F904-02D2-E9B7-ADFA-F9CD0747F0AC}"
EndProject
Project("{FAE04EC0-301F-11D3-BF4B-00C04F79EFBC}") = "SW.Bitween.Adapters.Bus.RabbitMq", "SW.Bitween.Adapters.Bus.RabbitMq\SW.Bitween.Adapters.Bus.RabbitMq.csproj", "{5E93D24F-EA1A-4788-B19F-326215B9CD2B}"
EndProject
Project("{FAE04EC0-301F-11D3-BF4B-00C04F79EFBC}") = "SW.Serverless.Sdk", "..\SW-Serverless\SW.Serverless.Sdk\SW.Serverless.Sdk.csproj", "{F5CE2A6F-30C8-464A-B11F-CB241CA5F6EF}"
EndProject
Project("{FAE04EC0-301F-11D3-BF4B-00C04F79EFBC}") = "SW.Serverless.Contract", "..\SW-Serverless\SW.Serverless.Contract\SW.Serverless.Contract.csproj", "{A95E858E-25A6-4A5D-B10F-8D4E914A06F4}"
EndProject
Project("{FAE04EC0-301F-11D3-BF4B-00C04F79EFBC}") = "SW.Bitween.Adapters.Bus.Sqs", "SW.Bitween.Adapters.Bus.Sqs\SW.Bitween.Adapters.Bus.Sqs.csproj", "{1125FB09-88E3-405B-80C0-62C73B1AB9F8}"
EndProject
Global
	GlobalSection(SolutionConfigurationPlatforms) = preSolution
		Debug|Any CPU = Debug|Any CPU
		Debug|x64 = Debug|x64
		Debug|x86 = Debug|x86
		Release|Any CPU = Release|Any CPU
		Release|x64 = Release|x64
		Release|x86 = Release|x86
	EndGlobalSection
	GlobalSection(ProjectConfigurationPlatforms) = postSolution
		{E4CE64BC-3964-4CB7-A5B9-0E4CF7F30DCF}.Debug|Any CPU.ActiveCfg = Debug|Any CPU
		{E4CE64BC-3964-4CB7-A5B9-0E4CF7F30DCF}.Debug|Any CPU.Build.0 = Debug|Any CPU
		{E4CE64BC-3964-4CB7-A5B9-0E4CF7F30DCF}.Debug|x64.ActiveCfg = Debug|Any CPU
		{E4CE64BC-3964-4CB7-A5B9-0E4CF7F30DCF}.Debug|x64.Build.0 = Debug|Any CPU
		{E4CE64BC-3964-4CB7-A5B9-0E4CF7F30DCF}.Debug|x86.ActiveCfg = Debug|Any CPU
		{E4CE64BC-3964-4CB7-A5B9-0E4CF7F30DCF}.Debug|x86.Build.0 = Debug|Any CPU
		{E4CE64BC-3964-4CB7-A5B9-0E4CF7F30DCF}.Release|Any CPU.ActiveCfg = Release|Any CPU
		{E4CE64BC-3964-4CB7-A5B9-0E4CF7F30DCF}.Release|Any CPU.Build.0 = Release|Any CPU
		{E4CE64BC-3964-4CB7-A5B9-0E4CF7F30DCF}.Release|x64.ActiveCfg = Release|Any CPU
		{E4CE64BC-3964-4CB7-A5B9-0E4CF7F30DCF}.Release|x64.Build.0 = Release|Any CPU
		{E4CE64BC-3964-4CB7-A5B9-0E4CF7F30DCF}.Release|x86.ActiveCfg = Release|Any CPU
		{E4CE64BC-3964-4CB7-A5B9-0E4CF7F30DCF}.Release|x86.Build.0 = Release|Any CPU
		{70BE66CC-4FEB-4945-9E77-DAC6FC95BD91}.Debug|Any CPU.ActiveCfg = Debug|Any CPU
		{70BE66CC-4FEB-4945-9E77-DAC6FC95BD91}.Debug|Any CPU.Build.0 = Debug|Any CPU
		{70BE66CC-4FEB-4945-9E77-DAC6FC95BD91}.Debug|x64.ActiveCfg = Debug|Any CPU
		{70BE66CC-4FEB-4945-9E77-DAC6FC95BD91}.Debug|x64.Build.0 = Debug|Any CPU
		{70BE66CC-4FEB-4945-9E77-DAC6FC95BD91}.Debug|x86.ActiveCfg = Debug|Any CPU
		{70BE66CC-4FEB-4945-9E77-DAC6FC95BD91}.Debug|x86.Build.0 = Debug|Any CPU
		{70BE66CC-4FEB-4945-9E77-DAC6FC95BD91}.Release|Any CPU.ActiveCfg = Release|Any CPU
		{70BE66CC-4FEB-4945-9E77-DAC6FC95BD91}.Release|Any CPU.Build.0 = Release|Any CPU
		{70BE66CC-4FEB-4945-9E77-DAC6FC95BD91}.Release|x64.ActiveCfg = Release|Any CPU
		{70BE66CC-4FEB-4945-9E77-DAC6FC95BD91}.Release|x64.Build.0 = Release|Any CPU
		{70BE66CC-4FEB-4945-9E77-DAC6FC95BD91}.Release|x86.ActiveCfg = Release|Any CPU
		{70BE66CC-4FEB-4945-9E77-DAC6FC95BD91}.Release|x86.Build.0 = Release|Any CPU
		{877D7394-ACC5-482C-8DE5-0B0D0639D4BE}.Debug|Any CPU.ActiveCfg = Debug|Any CPU
		{877D7394-ACC5-482C-8DE5-0B0D0639D4BE}.Debug|Any CPU.Build.0 = Debug|Any CPU
		{877D7394-ACC5-482C-8DE5-0B0D0639D4BE}.Debug|x64.ActiveCfg = Debug|Any CPU
		{877D7394-ACC5-482C-8DE5-0B0D0639D4BE}.Debug|x64.Build.0 = Debug|Any CPU
		{877D7394-ACC5-482C-8DE5-0B0D0639D4BE}.Debug|x86.ActiveCfg = Debug|Any CPU
		{877D7394-ACC5-482C-8DE5-0B0D0639D4BE}.Debug|x86.Build.0 = Debug|Any CPU
		{877D7394-ACC5-482C-8DE5-0B0D0639D4BE}.Release|Any CPU.ActiveCfg = Release|Any CPU
		{877D7394-ACC5-482C-8DE5-0B0D0639D4BE}.Release|Any CPU.Build.0 = Release|Any CPU
		{877D7394-ACC5-482C-8DE5-0B0D0639D4BE}.Release|x64.ActiveCfg = Release|Any CPU
		{877D7394-ACC5-482C-8DE5-0B0D0639D4BE}.Release|x64.Build.0 = Release|Any CPU
		{877D7394-ACC5-482C-8DE5-0B0D0639D4BE}.Release|x86.ActiveCfg = Release|Any CPU
		{877D7394-ACC5-482C-8DE5-0B0D0639D4BE}.Release|x86.Build.0 = Release|Any CPU
		{DEE62F36-0B35-45AC-A035-817D461DB0B6}.Debug|Any CPU.ActiveCfg = Debug|Any CPU
		{DEE62F36-0B35-45AC-A035-817D461DB0B6}.Debug|Any CPU.Build.0 = Debug|Any CPU
		{DEE62F36-0B35-45AC-A035-817D461DB0B6}.Debug|x64.ActiveCfg = Debug|Any CPU
		{DEE62F36-0B35-45AC-A035-817D461DB0B6}.Debug|x64.Build.0 = Debug|Any CPU
		{DEE62F36-0B35-45AC-A035-817D461DB0B6}.Debug|x86.ActiveCfg = Debug|Any CPU
		{DEE62F36-0B35-45AC-A035-817D461DB0B6}.Debug|x86.Build.0 = Debug|Any CPU
		{DEE62F36-0B35-45AC-A035-817D461DB0B6}.Release|Any CPU.ActiveCfg = Release|Any CPU
		{DEE62F36-0B35-45AC-A035-817D461DB0B6}.Release|Any CPU.Build.0 = Release|Any CPU
		{DEE62F36-0B35-45AC-A035-817D461DB0B6}.Release|x64.ActiveCfg = Release|Any CPU
		{DEE62F36-0B35-45AC-A035-817D461DB0B6}.Release|x64.Build.0 = Release|Any CPU
		{DEE62F36-0B35-45AC-A035-817D461DB0B6}.Release|x86.ActiveCfg = Release|Any CPU
		{DEE62F36-0B35-45AC-A035-817D461DB0B6}.Release|x86.Build.0 = Release|Any CPU
		{58412551-7DCB-44AF-95F5-991FD44C51C6}.Debug|Any CPU.ActiveCfg = Debug|Any CPU
		{58412551-7DCB-44AF-95F5-991FD44C51C6}.Debug|Any CPU.Build.0 = Debug|Any CPU
		{58412551-7DCB-44AF-95F5-991FD44C51C6}.Debug|x64.ActiveCfg = Debug|Any CPU
		{58412551-7DCB-44AF-95F5-991FD44C51C6}.Debug|x64.Build.0 = Debug|Any CPU
		{58412551-7DCB-44AF-95F5-991FD44C51C6}.Debug|x86.ActiveCfg = Debug|Any CPU
		{58412551-7DCB-44AF-95F5-991FD44C51C6}.Debug|x86.Build.0 = Debug|Any CPU
		{58412551-7DCB-44AF-95F5-991FD44C51C6}.Release|Any CPU.ActiveCfg = Release|Any CPU
		{58412551-7DCB-44AF-95F5-991FD44C51C6}.Release|Any CPU.Build.0 = Release|Any CPU
		{58412551-7DCB-44AF-95F5-991FD44C51C6}.Release|x64.ActiveCfg = Release|Any CPU
		{58412551-7DCB-44AF-95F5-991FD44C51C6}.Release|x64.Build.0 = Release|Any CPU
		{58412551-7DCB-44AF-95F5-991FD44C51C6}.Release|x86.ActiveCfg = Release|Any CPU
		{58412551-7DCB-44AF-95F5-991FD44C51C6}.Release|x86.Build.0 = Release|Any CPU
		{BB2BE362-BB25-45A5-AE5A-B223EAB80CC0}.Debug|Any CPU.ActiveCfg = Debug|Any CPU
		{BB2BE362-BB25-45A5-AE5A-B223EAB80CC0}.Debug|Any CPU.Build.0 = Debug|Any CPU
		{BB2BE362-BB25-45A5-AE5A-B223EAB80CC0}.Debug|x64.ActiveCfg = Debug|Any CPU
		{BB2BE362-BB25-45A5-AE5A-B223EAB80CC0}.Debug|x64.Build.0 = Debug|Any CPU
		{BB2BE362-BB25-45A5-AE5A-B223EAB80CC0}.Debug|x86.ActiveCfg = Debug|Any CPU
		{BB2BE362-BB25-45A5-AE5A-B223EAB80CC0}.Debug|x86.Build.0 = Debug|Any CPU
		{BB2BE362-BB25-45A5-AE5A-B223EAB80CC0}.Release|Any CPU.ActiveCfg = Release|Any CPU
		{BB2BE362-BB25-45A5-AE5A-B223EAB80CC0}.Release|Any CPU.Build.0 = Release|Any CPU
		{BB2BE362-BB25-45A5-AE5A-B223EAB80CC0}.Release|x64.ActiveCfg = Release|Any CPU
		{BB2BE362-BB25-45A5-AE5A-B223EAB80CC0}.Release|x64.Build.0 = Release|Any CPU
		{BB2BE362-BB25-45A5-AE5A-B223EAB80CC0}.Release|x86.ActiveCfg = Release|Any CPU
		{BB2BE362-BB25-45A5-AE5A-B223EAB80CC0}.Release|x86.Build.0 = Release|Any CPU
		{2A3CEEB9-32A4-4F6F-BB3B-D786B92A7212}.Debug|Any CPU.ActiveCfg = Debug|Any CPU
		{2A3CEEB9-32A4-4F6F-BB3B-D786B92A7212}.Debug|Any CPU.Build.0 = Debug|Any CPU
		{2A3CEEB9-32A4-4F6F-BB3B-D786B92A7212}.Debug|x64.ActiveCfg = Debug|Any CPU
		{2A3CEEB9-32A4-4F6F-BB3B-D786B92A7212}.Debug|x64.Build.0 = Debug|Any CPU
		{2A3CEEB9-32A4-4F6F-BB3B-D786B92A7212}.Debug|x86.ActiveCfg = Debug|Any CPU
		{2A3CEEB9-32A4-4F6F-BB3B-D786B92A7212}.Debug|x86.Build.0 = Debug|Any CPU
		{2A3CEEB9-32A4-4F6F-BB3B-D786B92A7212}.Release|Any CPU.ActiveCfg = Release|Any CPU
		{2A3CEEB9-32A4-4F6F-BB3B-D786B92A7212}.Release|Any CPU.Build.0 = Release|Any CPU
		{2A3CEEB9-32A4-4F6F-BB3B-D786B92A7212}.Release|x64.ActiveCfg = Release|Any CPU
		{2A3CEEB9-32A4-4F6F-BB3B-D786B92A7212}.Release|x64.Build.0 = Release|Any CPU
		{2A3CEEB9-32A4-4F6F-BB3B-D786B92A7212}.Release|x86.ActiveCfg = Release|Any CPU
		{2A3CEEB9-32A4-4F6F-BB3B-D786B92A7212}.Release|x86.Build.0 = Release|Any CPU
		{C78BFACC-0794-4164-A4E9-F5B7FBFD3010}.Debug|Any CPU.ActiveCfg = Debug|Any CPU
		{C78BFACC-0794-4164-A4E9-F5B7FBFD3010}.Debug|Any CPU.Build.0 = Debug|Any CPU
		{C78BFACC-0794-4164-A4E9-F5B7FBFD3010}.Debug|x64.ActiveCfg = Debug|Any CPU
		{C78BFACC-0794-4164-A4E9-F5B7FBFD3010}.Debug|x64.Build.0 = Debug|Any CPU
		{C78BFACC-0794-4164-A4E9-F5B7FBFD3010}.Debug|x86.ActiveCfg = Debug|Any CPU
		{C78BFACC-0794-4164-A4E9-F5B7FBFD3010}.Debug|x86.Build.0 = Debug|Any CPU
		{C78BFACC-0794-4164-A4E9-F5B7FBFD3010}.Release|Any CPU.ActiveCfg = Release|Any CPU
		{C78BFACC-0794-4164-A4E9-F5B7FBFD3010}.Release|Any CPU.Build.0 = Release|Any CPU
		{C78BFACC-0794-4164-A4E9-F5B7FBFD3010}.Release|x64.ActiveCfg = Release|Any CPU
		{C78BFACC-0794-4164-A4E9-F5B7FBFD3010}.Release|x64.Build.0 = Release|Any CPU
		{C78BFACC-0794-4164-A4E9-F5B7FBFD3010}.Release|x86.ActiveCfg = Release|Any CPU
		{C78BFACC-0794-4164-A4E9-F5B7FBFD3010}.Release|x86.Build.0 = Release|Any CPU
		{CDA68A45-ABF9-46D6-ADED-628CC7CD1200}.Debug|Any CPU.ActiveCfg = Debug|Any CPU
		{CDA68A45-ABF9-46D6-ADED-628CC7CD1200}.Debug|Any CPU.Build.0 = Debug|Any CPU
		{CDA68A45-ABF9-46D6-ADED-628CC7CD1200}.Debug|x64.ActiveCfg = Debug|Any CPU
		{CDA68A45-ABF9-46D6-ADED-628CC7CD1200}.Debug|x64.Build.0 = Debug|Any CPU
		{CDA68A45-ABF9-46D6-ADED-628CC7CD1200}.Debug|x86.ActiveCfg = Debug|Any CPU
		{CDA68A45-ABF9-46D6-ADED-628CC7CD1200}.Debug|x86.Build.0 = Debug|Any CPU
		{CDA68A45-ABF9-46D6-ADED-628CC7CD1200}.Release|Any CPU.ActiveCfg = Release|Any CPU
		{CDA68A45-ABF9-46D6-ADED-628CC7CD1200}.Release|Any CPU.Build.0 = Release|Any CPU
		{CDA68A45-ABF9-46D6-ADED-628CC7CD1200}.Release|x64.ActiveCfg = Release|Any CPU
		{CDA68A45-ABF9-46D6-ADED-628CC7CD1200}.Release|x64.Build.0 = Release|Any CPU
		{CDA68A45-ABF9-46D6-ADED-628CC7CD1200}.Release|x86.ActiveCfg = Release|Any CPU
		{CDA68A45-ABF9-46D6-ADED-628CC7CD1200}.Release|x86.Build.0 = Release|Any CPU
		{1474658D-E225-478E-80D6-D41A0376F88C}.Debug|Any CPU.ActiveCfg = Debug|Any CPU
		{1474658D-E225-478E-80D6-D41A0376F88C}.Debug|Any CPU.Build.0 = Debug|Any CPU
		{1474658D-E225-478E-80D6-D41A0376F88C}.Debug|x64.ActiveCfg = Debug|Any CPU
		{1474658D-E225-478E-80D6-D41A0376F88C}.Debug|x64.Build.0 = Debug|Any CPU
		{1474658D-E225-478E-80D6-D41A0376F88C}.Debug|x86.ActiveCfg = Debug|Any CPU
		{1474658D-E225-478E-80D6-D41A0376F88C}.Debug|x86.Build.0 = Debug|Any CPU
		{1474658D-E225-478E-80D6-D41A0376F88C}.Release|Any CPU.ActiveCfg = Release|Any CPU
		{1474658D-E225-478E-80D6-D41A0376F88C}.Release|Any CPU.Build.0 = Release|Any CPU
		{1474658D-E225-478E-80D6-D41A0376F88C}.Release|x64.ActiveCfg = Release|Any CPU
		{1474658D-E225-478E-80D6-D41A0376F88C}.Release|x64.Build.0 = Release|Any CPU
		{1474658D-E225-478E-80D6-D41A0376F88C}.Release|x86.ActiveCfg = Release|Any CPU
		{1474658D-E225-478E-80D6-D41A0376F88C}.Release|x86.Build.0 = Release|Any CPU
		{5D7B6BD7-427E-4F1B-B4CA-CF6B3A3ED89F}.Debug|Any CPU.ActiveCfg = Debug|Any CPU
		{5D7B6BD7-427E-4F1B-B4CA-CF6B3A3ED89F}.Debug|Any CPU.Build.0 = Debug|Any CPU
		{5D7B6BD7-427E-4F1B-B4CA-CF6B3A3ED89F}.Debug|x64.ActiveCfg = Debug|Any CPU
		{5D7B6BD7-427E-4F1B-B4CA-CF6B3A3ED89F}.Debug|x64.Build.0 = Debug|Any CPU
		{5D7B6BD7-427E-4F1B-B4CA-CF6B3A3ED89F}.Debug|x86.ActiveCfg = Debug|Any CPU
		{5D7B6BD7-427E-4F1B-B4CA-CF6B3A3ED89F}.Debug|x86.Build.0 = Debug|Any CPU
		{5D7B6BD7-427E-4F1B-B4CA-CF6B3A3ED89F}.Release|Any CPU.ActiveCfg = Release|Any CPU
		{5D7B6BD7-427E-4F1B-B4CA-CF6B3A3ED89F}.Release|Any CPU.Build.0 = Release|Any CPU
		{5D7B6BD7-427E-4F1B-B4CA-CF6B3A3ED89F}.Release|x64.ActiveCfg = Release|Any CPU
		{5D7B6BD7-427E-4F1B-B4CA-CF6B3A3ED89F}.Release|x64.Build.0 = Release|Any CPU
		{5D7B6BD7-427E-4F1B-B4CA-CF6B3A3ED89F}.Release|x86.ActiveCfg = Release|Any CPU
		{5D7B6BD7-427E-4F1B-B4CA-CF6B3A3ED89F}.Release|x86.Build.0 = Release|Any CPU
		{A2B58DFC-A4B0-4BD2-9552-322C6E87DA39}.Debug|Any CPU.ActiveCfg = Debug|Any CPU
		{A2B58DFC-A4B0-4BD2-9552-322C6E87DA39}.Debug|Any CPU.Build.0 = Debug|Any CPU
		{A2B58DFC-A4B0-4BD2-9552-322C6E87DA39}.Debug|x64.ActiveCfg = Debug|Any CPU
		{A2B58DFC-A4B0-4BD2-9552-322C6E87DA39}.Debug|x64.Build.0 = Debug|Any CPU
		{A2B58DFC-A4B0-4BD2-9552-322C6E87DA39}.Debug|x86.ActiveCfg = Debug|Any CPU
		{A2B58DFC-A4B0-4BD2-9552-322C6E87DA39}.Debug|x86.Build.0 = Debug|Any CPU
		{A2B58DFC-A4B0-4BD2-9552-322C6E87DA39}.Release|Any CPU.ActiveCfg = Release|Any CPU
		{A2B58DFC-A4B0-4BD2-9552-322C6E87DA39}.Release|Any CPU.Build.0 = Release|Any CPU
		{A2B58DFC-A4B0-4BD2-9552-322C6E87DA39}.Release|x64.ActiveCfg = Release|Any CPU
		{A2B58DFC-A4B0-4BD2-9552-322C6E87DA39}.Release|x64.Build.0 = Release|Any CPU
		{A2B58DFC-A4B0-4BD2-9552-322C6E87DA39}.Release|x86.ActiveCfg = Release|Any CPU
		{A2B58DFC-A4B0-4BD2-9552-322C6E87DA39}.Release|x86.Build.0 = Release|Any CPU
		{5E93D24F-EA1A-4788-B19F-326215B9CD2B}.Debug|Any CPU.ActiveCfg = Debug|Any CPU
		{5E93D24F-EA1A-4788-B19F-326215B9CD2B}.Debug|Any CPU.Build.0 = Debug|Any CPU
		{5E93D24F-EA1A-4788-B19F-326215B9CD2B}.Debug|x64.ActiveCfg = Debug|Any CPU
		{5E93D24F-EA1A-4788-B19F-326215B9CD2B}.Debug|x64.Build.0 = Debug|Any CPU
		{5E93D24F-EA1A-4788-B19F-326215B9CD2B}.Debug|x86.ActiveCfg = Debug|Any CPU
		{5E93D24F-EA1A-4788-B19F-326215B9CD2B}.Debug|x86.Build.0 = Debug|Any CPU
		{5E93D24F-EA1A-4788-B19F-326215B9CD2B}.Release|Any CPU.ActiveCfg = Release|Any CPU
		{5E93D24F-EA1A-4788-B19F-326215B9CD2B}.Release|Any CPU.Build.0 = Release|Any CPU
		{5E93D24F-EA1A-4788-B19F-326215B9CD2B}.Release|x64.ActiveCfg = Release|Any CPU
		{5E93D24F-EA1A-4788-B19F-326215B9CD2B}.Release|x64.Build.0 = Release|Any CPU
		{5E93D24F-EA1A-4788-B19F-326215B9CD2B}.Release|x86.ActiveCfg = Release|Any CPU
		{5E93D24F-EA1A-4788-B19F-326215B9CD2B}.Release|x86.Build.0 = Release|Any CPU
		{F5CE2A6F-30C8-464A-B11F-CB241CA5F6EF}.Debug|Any CPU.ActiveCfg = Debug|Any CPU
		{F5CE2A6F-30C8-464A-B11F-CB241CA5F6EF}.Debug|Any CPU.Build.0 = Debug|Any CPU
		{F5CE2A6F-30C8-464A-B11F-CB241CA5F6EF}.Debug|x64.ActiveCfg = Debug|Any CPU
		{F5CE2A6F-30C8-464A-B11F-CB241CA5F6EF}.Debug|x64.Build.0 = Debug|Any CPU
		{F5CE2A6F-30C8-464A-B11F-CB241CA5F6EF}.Debug|x86.ActiveCfg = Debug|Any CPU
		{F5CE2A6F-30C8-464A-B11F-CB241CA5F6EF}.Debug|x86.Build.0 = Debug|Any CPU
		{F5CE2A6F-30C8-464A-B11F-CB241CA5F6EF}.Release|Any CPU.ActiveCfg = Release|Any CPU
		{F5CE2A6F-30C8-464A-B11F-CB241CA5F6EF}.Release|Any CPU.Build.0 = Release|Any CPU
		{F5CE2A6F-30C8-464A-B11F-CB241CA5F6EF}.Release|x64.ActiveCfg = Release|Any CPU
		{F5CE2A6F-30C8-464A-B11F-CB241CA5F6EF}.Release|x64.Build.0 = Release|Any CPU
		{F5CE2A6F-30C8-464A-B11F-CB241CA5F6EF}.Release|x86.ActiveCfg = Release|Any CPU
		{F5CE2A6F-30C8-464A-B11F-CB241CA5F6EF}.Release|x86.Build.0 = Release|Any CPU
		{A95E858E-25A6-4A5D-B10F-8D4E914A06F4}.Debug|Any CPU.ActiveCfg = Debug|Any CPU
		{A95E858E-25A6-4A5D-B10F-8D4E914A06F4}.Debug|Any CPU.Build.0 = Debug|Any CPU
		{A95E858E-25A6-4A5D-B10F-8D4E914A06F4}.Debug|x64.ActiveCfg = Debug|Any CPU
		{A95E858E-25A6-4A5D-B10F-8D4E914A06F4}.Debug|x64.Build.0 = Debug|Any CPU
		{A95E858E-25A6-4A5D-B10F-8D4E914A06F4}.Debug|x86.ActiveCfg = Debug|Any CPU
		{A95E858E-25A6-4A5D-B10F-8D4E914A06F4}.Debug|x86.Build.0 = Debug|Any CPU
		{A95E858E-25A6-4A5D-B10F-8D4E914A06F4}.Release|Any CPU.ActiveCfg = Release|Any CPU
		{A95E858E-25A6-4A5D-B10F-8D4E914A06F4}.Release|Any CPU.Build.0 = Release|Any CPU
		{A95E858E-25A6-4A5D-B10F-8D4E914A06F4}.Release|x64.ActiveCfg = Release|Any CPU
		{A95E858E-25A6-4A5D-B10F-8D4E914A06F4}.Release|x64.Build.0 = Release|Any CPU
		{A95E858E-25A6-4A5D-B10F-8D4E914A06F4}.Release|x86.ActiveCfg = Release|Any CPU
		{A95E858E-25A6-4A5D-B10F-8D4E914A06F4}.Release|x86.Build.0 = Release|Any CPU
		{1125FB09-88E3-405B-80C0-62C73B1AB9F8}.Debug|Any CPU.ActiveCfg = Debug|Any CPU
		{1125FB09-88E3-405B-80C0-62C73B1AB9F8}.Debug|Any CPU.Build.0 = Debug|Any CPU
		{1125FB09-88E3-405B-80C0-62C73B1AB9F8}.Debug|x64.ActiveCfg = Debug|Any CPU
		{1125FB09-88E3-405B-80C0-62C73B1AB9F8}.Debug|x64.Build.0 = Debug|Any CPU
		{1125FB09-88E3-405B-80C0-62C73B1AB9F8}.Debug|x86.ActiveCfg = Debug|Any CPU
		{1125FB09-88E3-405B-80C0-62C73B1AB9F8}.Debug|x86.Build.0 = Debug|Any CPU
		{1125FB09-88E3-405B-80C0-62C73B1AB9F8}.Release|Any CPU.ActiveCfg = Release|Any CPU
		{1125FB09-88E3-405B-80C0-62C73B1AB9F8}.Release|Any CPU.Build.0 = Release|Any CPU
		{1125FB09-88E3-405B-80C0-62C73B1AB9F8}.Release|x64.ActiveCfg = Release|Any CPU
		{1125FB09-88E3-405B-80C0-62C73B1AB9F8}.Release|x64.Build.0 = Release|Any CPU
		{1125FB09-88E3-405B-80C0-62C73B1AB9F8}.Release|x86.ActiveCfg = Release|Any CPU
		{1125FB09-88E3-405B-80C0-62C73B1AB9F8}.Release|x86.Build.0 = Release|Any CPU
	EndGlobalSection
	GlobalSection(SolutionProperties) = preSolution
		HideSolutionNode = FALSE
	EndGlobalSection
	GlobalSection(NestedProjects) = preSolution
		{877D7394-ACC5-482C-8DE5-0B0D0639D4BE} = {DCB20324-CBBC-43BB-9529-6F16C4033A5B}
		{DEE62F36-0B35-45AC-A035-817D461DB0B6} = {DCB20324-CBBC-43BB-9529-6F16C4033A5B}
		{2A3CEEB9-32A4-4F6F-BB3B-D786B92A7212} = {5F58DD63-8ABF-4148-A594-0D9881F39142}
		{C78BFACC-0794-4164-A4E9-F5B7FBFD3010} = {5F58DD63-8ABF-4148-A594-0D9881F39142}
		{CDA68A45-ABF9-46D6-ADED-628CC7CD1200} = {5F58DD63-8ABF-4148-A594-0D9881F39142}
		{1474658D-E225-478E-80D6-D41A0376F88C} = {DCB20324-CBBC-43BB-9529-6F16C4033A5B}
		{BE50F904-02D2-E9B7-ADFA-F9CD0747F0AC} = {5F58DD63-8ABF-4148-A594-0D9881F39142}
		{5E93D24F-EA1A-4788-B19F-326215B9CD2B} = {BE50F904-02D2-E9B7-ADFA-F9CD0747F0AC}
		{F5CE2A6F-30C8-464A-B11F-CB241CA5F6EF} = {BE50F904-02D2-E9B7-ADFA-F9CD0747F0AC}
		{A95E858E-25A6-4A5D-B10F-8D4E914A06F4} = {BE50F904-02D2-E9B7-ADFA-F9CD0747F0AC}
		{1125FB09-88E3-405B-80C0-62C73B1AB9F8} = {BE50F904-02D2-E9B7-ADFA-F9CD0747F0AC}
	EndGlobalSection
	GlobalSection(ExtensibilityGlobals) = postSolution
		SolutionGuid = {F314D530-ADF8-43EC-A747-26CA23CCC4F7}
	EndGlobalSection
EndGlobal
